<?xml version="1.0" encoding="utf-8"?>
<Project ToolsVersion="4.0" xmlns="http://schemas.microsoft.com/developer/msbuild/2003">
  <ItemGroup>
    <Filter Include="headers">
      <UniqueIdentifier>{6b7b8ea2-2492-40d9-aac7-0a1c300bd16e}</UniqueIdentifier>
    </Filter>
    <Filter Include="source">
      <UniqueIdentifier>{09253b6a-8043-4612-b308-a48cb6d6d1d6}</UniqueIdentifier>
    </Filter>
    <Filter Include="shaders">
      <UniqueIdentifier>{5f6fca32-39ba-4ee0-805d-784bd152a247}</UniqueIdentifier>
    </Filter>
    <Filter Include="shaders\vertex">
      <UniqueIdentifier>{3cfb4fae-30c9-4e35-ba31-ea624389ae75}</UniqueIdentifier>
    </Filter>
    <Filter Include="shaders\fragment">
      <UniqueIdentifier>{bcc1fea2-9799-470a-b073-3859286f2232}</UniqueIdentifier>
    </Filter>
  </ItemGroup>
  <ItemGroup>
    <ClCompile Include="shader_program.cpp">
      <Filter>source</Filter>
    </ClCompile>
    <ClCompile Include="vertex_buffer.cpp">
      <Filter>source</Filter>
    </ClCompile>
    <ClCompile Include="main.cpp">
      <Filter>source</Filter>
    </ClCompile>
    <ClCompile Include="vertex_array.cpp">
      <Filter>source</Filter>
    </ClCompile>
    <ClCompile Include="index_buffer.cpp">
      <Filter>source</Filter>
    </ClCompile>
    <ClCompile Include="algorithms.cpp">
      <Filter>source</Filter>
    </ClCompile>
    <ClCompile Include="triangulation.cpp">
      <Filter>source</Filter>
    </ClCompile>
    <ClCompile Include="polygon_visibility.cpp">
      <Filter>source</Filter>
    </ClCompile>
  </ItemGroup>
  <ItemGroup>
    <ClInclude Include="vertex_buffer_layout.h">
      <Filter>headers</Filter>
    </ClInclude>
    <ClInclude Include="vertex_buffer.h">
      <Filter>headers</Filter>
    </ClInclude>
    <ClInclude Include="shader_program.h">
      <Filter>headers</Filter>
    </ClInclude>
    <ClInclude Include="vertex_array.h">
      <Filter>headers</Filter>
    </ClInclude>
    <ClInclude Include="index_buffer.h">
      <Filter>headers</Filter>
    </ClInclude>
    <ClInclude Include="algorithms.h">
      <Filter>headers</Filter>
    </ClInclude>
    <ClInclude Include="geometry.h">
      <Filter>headers</Filter>
    </ClInclude>
    <ClInclude Include="circular_list.h">
      <Filter>headers</Filter>
    </ClInclude>
    <ClInclude Include="triangulation.h">
      <Filter>headers</Filter>
    </ClInclude>
    <ClInclude Include="algorithm.h">
      <Filter>headers</Filter>
    </ClInclude>
    <ClInclude Include="polygon_visibility.h">
      <Filter>headers</Filter>
    </ClInclude>
    <ClInclude Include="graph.h">
      <Filter>headers</Filter>
    </ClInclude>
    <ClInclude Include="singleton.h">
      <Filter>headers</Filter>
    </ClInclude>
  </ItemGroup>
  <ItemGroup>
    <None Include="..\..\shaders\vertex_shaders\lines.vs">
      <Filter>shaders\vertex</Filter>
    </None>
    <None Include="..\..\shaders\fragment_shaders\lines.fs">
      <Filter>shaders\fragment</Filter>
    </None>
  </ItemGroup>
</Project>